
Microsoft Visual Studio Solution File, Format Version 12.00
# Visual Studio Version 17
VisualStudioVersion = 17.2.32630.192
MinimumVisualStudioVersion = 10.0.40219.1
Project("{FAE04EC0-301F-11D3-BF4B-00C04F79EFBC}") = "AnyRoadOutsideConnectionsRevisited", "AnyRoadOutsideConnectionsRevisited.csproj", "{35A2313B-C04C-40E6-AE14-CCB5804EC350}"
EndProject
Global
	GlobalSection(SolutionConfigurationPlatforms) = preSolution
		Debug|Any CPU = Debug|Any CPU
		Release|Any CPU = Release|Any CPU
	EndGlobalSection
	GlobalSection(ProjectConfigurationPlatforms) = postSolution
		{35A2313B-C04C-40E6-AE14-CCB5804EC350}.Debug|Any CPU.ActiveCfg = Debug|Any CPU
		{35A2313B-C04C-40E6-AE14-CCB5804EC350}.Debug|Any CPU.Build.0 = Debug|Any CPU
		{35A2313B-C04C-40E6-AE14-CCB5804EC350}.Release|Any CPU.ActiveCfg = Release|Any CPU
		{35A2313B-C04C-40E6-AE14-CCB5804EC350}.Release|Any CPU.Build.0 = Release|Any CPU
	EndGlobalSection
	GlobalSection(SolutionProperties) = preSolution
		HideSolutionNode = FALSE
	EndGlobalSection
	GlobalSection(ExtensibilityGlobals) = postSolution
		SolutionGuid = {C8DE0682-DB50-4081-91B9-35F4864FCCB0}
	EndGlobalSection
EndGlobal
